{
  "name": "quotebot-backend",
  "version": "1.0.1",
  "lockfileVersion": 3,
  "requires": true,
  "packages": {
    "": {
      "name": "quotebot-backend",
      "version": "1.0.1",
      "dependencies": {
        "@liquidmetal-ai/raindrop-framework": "latest"
      }
    },
    "node_modules/@liquidmetal-ai/noway": {
      "version": "0.3.0",
      "resolved": "https://registry.npmjs.org/@liquidmetal-ai/noway/-/noway-0.3.0.tgz",
      "integrity": "sha512-EI64xWqzrRw7HIwGxPPR4BRzUdckvZewvk5HWUwnBptVwknN1JfMkivLZ7120SE0JXlB0PvPFpIuyMGK9lbPqg==",
      "license": "ISC",
      "dependencies": {
        "jose": "^5.9.3"
      },
      "engines": {
        "node": ">=18.0.0"
      }
    },
    "node_modules/@liquidmetal-ai/raindrop-framework": {
      "version": "0.10.0",
      "resolved": "https://registry.npmjs.org/@liquidmetal-ai/raindrop-framework/-/raindrop-framework-0.10.0.tgz",
      "integrity": "sha512-kPCbxrupLq+beEINBGxs0Ba542GMeQhxHu5oyx7+7WU3I4L0gwm4gDYMRL+3b4CJ8hyJOmJawq9UinoXH8GjqQ==",
      "license": "MIT",
      "dependencies": {
        "@liquidmetal-ai/noway": "0.3.0",
        "zod": "^3"
      }
    },
    "node_modules/jose": {
      "version": "5.10.0",
      "resolved": "https://registry.npmjs.org/jose/-/jose-5.10.0.tgz",
      "integrity": "sha512-s+3Al/p9g32Iq+oqXxkW//7jk2Vig6FF1CFqzVXoTUXt2qz89YWbL+OwS17NFYEvxC35n0FKeGO2LGYSxeM2Gg==",
      "license": "MIT",
      "funding": {
        "url": "https://github.com/sponsors/panva"
      }
    },
    "node_modules/zod": {
      "version": "3.25.76",
      "resolved": "https://registry.npmjs.org/zod/-/zod-3.25.76.tgz",
      "integrity": "sha512-gzUt/qt81nXsFGKIFcC3YnfEAx5NkunCfnDlvuBSSFS02bcXu4Lmea0AFIUwbLWxWPx3d9p8S5QoaujKcNQxcQ==",
      "license": "MIT",
      "funding": {
        "url": "https://github.com/sponsors/colinhacks"
      }
    }
  }
}
